
Microsoft Visual Studio Solution File, Format Version 12.00
# Visual Studio 2013
VisualStudioVersion = 12.0.21005.1
MinimumVisualStudioVersion = 10.0.40219.1
Project("{FAE04EC0-301F-11D3-BF4B-00C04F79EFBC}") = "UnitTestProject1", "UnitTestProject1\UnitTestProject1.csproj", "{20CCF893-B4A4-409D-BF80-1524AEB74347}"
EndProject
Project("{FAE04EC0-301F-11D3-BF4B-00C04F79EFBC}") = "Exercise_5_3a", "Exercise_5_3a\Exercise_5_3a.csproj", "{4DDC6E50-9DC9-4DBE-8CC3-A13D4DBB61DA}"
EndProject
Global
	GlobalSection(SolutionConfigurationPlatforms) = preSolution
		Debug|Any CPU = Debug|Any CPU
		Release|Any CPU = Release|Any CPU
	EndGlobalSection
	GlobalSection(ProjectConfigurationPlatforms) = postSolution
		{20CCF893-B4A4-409D-BF80-1524AEB74347}.Debug|Any CPU.ActiveCfg = Debug|Any CPU
		{20CCF893-B4A4-409D-BF80-1524AEB74347}.Debug|Any CPU.Build.0 = Debug|Any CPU
		{20CCF893-B4A4-409D-BF80-1524AEB74347}.Release|Any CPU.ActiveCfg = Release|Any CPU
		{20CCF893-B4A4-409D-BF80-1524AEB74347}.Release|Any CPU.Build.0 = Release|Any CPU
		{4DDC6E50-9DC9-4DBE-8CC3-A13D4DBB61DA}.Debug|Any CPU.ActiveCfg = Debug|Any CPU
		{4DDC6E50-9DC9-4DBE-8CC3-A13D4DBB61DA}.Debug|Any CPU.Build.0 = Debug|Any CPU
		{4DDC6E50-9DC9-4DBE-8CC3-A13D4DBB61DA}.Release|Any CPU.ActiveCfg = Release|Any CPU
		{4DDC6E50-9DC9-4DBE-8CC3-A13D4DBB61DA}.Release|Any CPU.Build.0 = Release|Any CPU
	EndGlobalSection
	GlobalSection(SolutionProperties) = preSolution
		HideSolutionNode = FALSE
	EndGlobalSection
EndGlobal
